[[package]]
category = "main"
description = "Simple DNS resolver for asyncio"
name = "aiodns"
optional = false
python-versions = "*"
version = "2.0.0"

[package.dependencies]
pycares = ">=3.0.0"

[[package]]
category = "main"
description = "Async http client/server framework (asyncio)"
name = "aiohttp"
optional = false
python-versions = ">=3.5.3"
version = "3.6.2"

[package.dependencies]
async-timeout = ">=3.0,<4.0"
attrs = ">=17.3.0"
chardet = ">=2.0,<4.0"
multidict = ">=4.5,<5.0"
yarl = ">=1.0,<2.0"

[package.dependencies.aiodns]
optional = true
version = "*"

[package.dependencies.brotlipy]
optional = true
version = "*"

[package.dependencies.cchardet]
optional = true
version = "*"

[package.extras]
speedups = ["aiodns", "brotlipy", "cchardet"]

[[package]]
category = "dev"
description = "Dev tools for aiohttp"
name = "aiohttp-devtools"
optional = false
python-versions = ">=3.5"
version = "0.13.1"

[package.dependencies]
Pygments = ">=2.2.0"
aiohttp = ">=3.5.0"
click = ">=6.6"
devtools = ">=0.5"
watchgod = ">=0.2"

[[package]]
category = "main"
description = "Timeout context manager for asyncio programs"
name = "async-timeout"
optional = false
python-versions = ">=3.5.3"
version = "3.0.1"

[[package]]
category = "dev"
description = "Atomic file writes."
name = "atomicwrites"
optional = false
python-versions = ">=2.7, !=3.0.*, !=3.1.*, !=3.2.*, !=3.3.*"
version = "1.3.0"

[[package]]
category = "main"
description = "Classes Without Boilerplate"
name = "attrs"
optional = false
python-versions = ">=2.7, !=3.0.*, !=3.1.*, !=3.2.*, !=3.3.*"
version = "19.3.0"

[package.extras]
azure-pipelines = ["coverage", "hypothesis", "pympler", "pytest (>=4.3.0)", "six", "zope.interface", "pytest-azurepipelines"]
dev = ["coverage", "hypothesis", "pympler", "pytest (>=4.3.0)", "six", "zope.interface", "sphinx", "pre-commit"]
docs = ["sphinx", "zope.interface"]
tests = ["coverage", "hypothesis", "pympler", "pytest (>=4.3.0)", "six", "zope.interface"]

[[package]]
category = "main"
description = "Python binding to the Brotli library"
name = "brotlipy"
optional = false
python-versions = "*"
version = "0.7.0"

[package.dependencies]
cffi = ">=1.0.0"

[[package]]
category = "main"
description = "A decorator for caching properties in classes."
name = "cached-property"
optional = false
python-versions = "*"
version = "1.5.1"

[[package]]
category = "main"
description = "Extensible memoizing collections and decorators"
name = "cachetools"
optional = false
python-versions = "~=3.5"
version = "4.0.0"

[[package]]
category = "main"
description = "cChardet is high speed universal character encoding detector."
name = "cchardet"
optional = false
python-versions = "*"
version = "2.1.5"

[[package]]
category = "main"
description = "Python package for providing Mozilla's CA Bundle."
name = "certifi"
optional = false
python-versions = "*"
version = "2019.11.28"

[[package]]
category = "main"
description = "Foreign Function Interface for Python calling C code."
name = "cffi"
optional = false
python-versions = "*"
version = "1.13.2"

[package.dependencies]
pycparser = "*"

[[package]]
category = "main"
description = "Universal encoding detector for Python 2 and 3"
name = "chardet"
optional = false
python-versions = "*"
version = "3.0.4"

[[package]]
category = "main"
description = "Composable command line interface toolkit"
name = "click"
optional = false
python-versions = ">=2.7, !=3.0.*, !=3.1.*, !=3.2.*, !=3.3.*"
version = "7.0"

[[package]]
category = "dev"
description = "Cross-platform colored terminal text."
marker = "sys_platform == \"win32\""
name = "colorama"
optional = false
python-versions = ">=2.7, !=3.0.*, !=3.1.*, !=3.2.*, !=3.3.*, !=3.4.*"
version = "0.4.3"

[[package]]
category = "dev"
description = "Dev tools for python"
name = "devtools"
optional = false
python-versions = ">=3.5"
version = "0.5.1"

[package.extras]
pygments = ["Pygments (>=2.2.0)"]

[[package]]
category = "main"
description = "Google Authentication Library"
name = "google-auth"
optional = false
python-versions = ">=2.7,!=3.0.*,!=3.1.*,!=3.2.*,!=3.3.*"
version = "1.10.0"

[package.dependencies]
cachetools = ">=2.0.0,<5.0"
pyasn1-modules = ">=0.2.1"
rsa = ">=3.1.4,<4.1"
setuptools = ">=40.3.0"
six = ">=1.9.0"

[[package]]
category = "main"
description = "Internationalized Domain Names in Applications (IDNA)"
name = "idna"
optional = false
python-versions = ">=2.7, !=3.0.*, !=3.1.*, !=3.2.*, !=3.3.*"
version = "2.8"

[[package]]
category = "main"
description = "Kubernetes python client"
name = "kubernetes"
optional = false
python-versions = "*"
version = "10.0.1"

[package.dependencies]
certifi = ">=14.05.14"
google-auth = ">=1.0.1"
python-dateutil = ">=2.5.3"
pyyaml = ">=3.12"
requests = "*"
requests-oauthlib = "*"
setuptools = ">=21.0.0"
six = ">=1.9.0"
urllib3 = ">=1.24.2"
websocket-client = ">=0.32.0,<0.40.0 || >0.40.0,<0.41.0 || >=0.43.0"

[package.extras]
adal = ["adal (>=1.0.2)"]

[[package]]
category = "main"
description = "Rolling backport of unittest.mock for all Pythons"
name = "mock"
optional = false
python-versions = ">=2.7, !=3.0.*, !=3.1.*, !=3.2.*, !=3.3.*"
version = "3.0.5"

[package.dependencies]
six = "*"

[package.extras]
build = ["twine", "wheel", "blurb"]
docs = ["sphinx"]
test = ["pytest", "pytest-cov"]

[[package]]
category = "dev"
description = "More routines for operating on iterables, beyond itertools"
name = "more-itertools"
optional = false
python-versions = ">=3.5"
version = "8.0.2"

[[package]]
category = "main"
description = "multidict implementation"
name = "multidict"
optional = false
python-versions = ">=3.5"
version = "4.7.2"

[[package]]
category = "main"
description = "A generic, spec-compliant, thorough implementation of the OAuth request-signing logic"
name = "oauthlib"
optional = false
python-versions = ">=2.7, !=3.0.*, !=3.1.*, !=3.2.*, !=3.3.*"
version = "3.1.0"

[package.extras]
rsa = ["cryptography"]
signals = ["blinker"]
signedtoken = ["cryptography", "pyjwt (>=1.0.0)"]

[[package]]
category = "main"
description = "a little orm"
name = "peewee"
optional = false
python-versions = "*"
version = "3.13.1"

[[package]]
category = "main"
description = "Simple migration engine for Peewee"
name = "peewee-migrate"
optional = false
python-versions = "*"
version = "1.1.6"

[package.dependencies]
cached-property = ">=1.4.2"
click = ">=6.7"
mock = ">=2.0.0"
peewee = ">=3.3.3"

[[package]]
category = "dev"
description = "plugin and hook calling mechanisms for python"
name = "pluggy"
optional = false
python-versions = ">=2.7, !=3.0.*, !=3.1.*, !=3.2.*, !=3.3.*"
version = "0.13.1"

[package.extras]
dev = ["pre-commit", "tox"]

[[package]]
category = "main"
description = "psycopg2 - Python-PostgreSQL Database Adapter"
name = "psycopg2"
optional = false
python-versions = ">=2.7,!=3.0.*,!=3.1.*,!=3.2.*,!=3.3.*"
version = "2.8.4"

[[package]]
category = "dev"
description = "library with cross-python path, ini-parsing, io, code, log facilities"
name = "py"
optional = false
python-versions = ">=2.7, !=3.0.*, !=3.1.*, !=3.2.*, !=3.3.*"
version = "1.8.0"

[[package]]
category = "main"
description = "ASN.1 types and codecs"
name = "pyasn1"
optional = false
python-versions = "*"
version = "0.4.8"

[[package]]
category = "main"
description = "A collection of ASN.1-based protocols modules."
name = "pyasn1-modules"
optional = false
python-versions = "*"
version = "0.2.7"

[package.dependencies]
pyasn1 = ">=0.4.6,<0.5.0"

[[package]]
category = "main"
description = "Python interface for c-ares"
name = "pycares"
optional = false
python-versions = "*"
version = "3.1.0"

[package.dependencies]
cffi = ">=1.5.0"

[package.extras]
idna = ["idna (>=2.1)"]

[[package]]
category = "main"
description = "C parser in Python"
name = "pycparser"
optional = false
python-versions = ">=2.7, !=3.0.*, !=3.1.*, !=3.2.*, !=3.3.*"
version = "2.19"

[[package]]
category = "dev"
description = "Pygments is a syntax highlighting package written in Python."
name = "pygments"
optional = false
python-versions = ">=2.7, !=3.0.*, !=3.1.*, !=3.2.*, !=3.3.*, !=3.4.*"
version = "2.5.2"

[[package]]
category = "dev"
description = "pytest: simple powerful testing with Python"
name = "pytest"
optional = false
python-versions = ">=2.7, !=3.0.*, !=3.1.*, !=3.2.*, !=3.3.*"
version = "3.10.1"

[package.dependencies]
atomicwrites = ">=1.0"
attrs = ">=17.4.0"
colorama = "*"
more-itertools = ">=4.0.0"
pluggy = ">=0.7"
py = ">=1.5.0"
setuptools = "*"
six = ">=1.10.0"

[[package]]
category = "main"
description = "Extensions to the standard Python datetime module"
name = "python-dateutil"
optional = false
python-versions = "!=3.0.*,!=3.1.*,!=3.2.*,>=2.7"
version = "2.8.1"

[package.dependencies]
six = ">=1.5"

[[package]]
category = "main"
description = "Add .env support to your django/flask apps in development and deployments"
name = "python-dotenv"
optional = false
python-versions = "*"
version = "0.10.3"

[package.extras]
cli = ["click (>=5.0)"]

[[package]]
category = "main"
description = "YAML parser and emitter for Python"
name = "pyyaml"
optional = false
python-versions = ">=2.7, !=3.0.*, !=3.1.*, !=3.2.*, !=3.3.*"
version = "5.2"

[[package]]
category = "main"
description = "Python HTTP for Humans."
name = "requests"
optional = false
python-versions = ">=2.7, !=3.0.*, !=3.1.*, !=3.2.*, !=3.3.*, !=3.4.*"
version = "2.22.0"

[package.dependencies]
certifi = ">=2017.4.17"
chardet = ">=3.0.2,<3.1.0"
idna = ">=2.5,<2.9"
urllib3 = ">=1.21.1,<1.25.0 || >1.25.0,<1.25.1 || >1.25.1,<1.26"

[package.extras]
security = ["pyOpenSSL (>=0.14)", "cryptography (>=1.3.4)", "idna (>=2.0.0)"]
socks = ["PySocks (>=1.5.6,<1.5.7 || >1.5.7)", "win-inet-pton"]

[[package]]
category = "main"
description = "OAuthlib authentication support for Requests."
name = "requests-oauthlib"
optional = false
python-versions = ">=2.7, !=3.0.*, !=3.1.*, !=3.2.*, !=3.3.*"
version = "1.3.0"

[package.dependencies]
oauthlib = ">=3.0.0"
requests = ">=2.0.0"

[package.extras]
rsa = ["oauthlib (>=3.0.0)"]

[[package]]
category = "main"
description = "Pure-Python RSA implementation"
name = "rsa"
optional = false
python-versions = "*"
version = "4.0"

[package.dependencies]
pyasn1 = ">=0.1.3"

[[package]]
category = "main"
description = "Python 2 and 3 compatibility utilities"
name = "six"
optional = false
python-versions = ">=2.6, !=3.0.*, !=3.1.*"
version = "1.13.0"

[[package]]
category = "main"
description = "HTTP library with thread-safe connection pooling, file post, and more."
name = "urllib3"
optional = false
python-versions = ">=2.7, !=3.0.*, !=3.1.*, !=3.2.*, !=3.3.*, <4"
version = "1.25.7"

[package.extras]
brotli = ["brotlipy (>=0.6.0)"]
secure = ["pyOpenSSL (>=0.14)", "cryptography (>=1.3.4)", "idna (>=2.0.0)", "certifi", "ipaddress"]
socks = ["PySocks (>=1.5.6,<1.5.7 || >1.5.7,<2.0)"]

[[package]]
category = "dev"
description = "Simple, modern file watching and code reload in python."
name = "watchgod"
optional = false
python-versions = ">=3.5"
version = "0.5"

[[package]]
category = "main"
description = "WebSocket client for Python. hybi13 is supported."
name = "websocket-client"
optional = false
python-versions = ">=2.6, !=3.0.*, !=3.1.*, !=3.2.*, !=3.3.*"
version = "0.57.0"

[package.dependencies]
six = "*"

[[package]]
category = "main"
description = "Yet another URL library"
name = "yarl"
optional = false
python-versions = ">=3.5"
version = "1.4.2"

[package.dependencies]
idna = ">=2.0"
multidict = ">=4.0"

[metadata]
content-hash = "0cdb29c5d3e03dc2b47c7f2edbd3b68b94c4786f9c98df0add305b58fcd0c271"
python-versions = "^3.8"

[metadata.files]
aiodns = [
    {file = "aiodns-2.0.0-py2.py3-none-any.whl", hash = "sha256:aaa5ac584f40fe778013df0aa6544bf157799bd3f608364b451840ed2c8688de"},
    {file = "aiodns-2.0.0.tar.gz", hash = "sha256:815fdef4607474295d68da46978a54481dd1e7be153c7d60f9e72773cd38d77d"},
]
aiohttp = [
    {file = "aiohttp-3.6.2-cp35-cp35m-macosx_10_13_x86_64.whl", hash = "sha256:1e984191d1ec186881ffaed4581092ba04f7c61582a177b187d3a2f07ed9719e"},
    {file = "aiohttp-3.6.2-cp35-cp35m-manylinux1_x86_64.whl", hash = "sha256:50aaad128e6ac62e7bf7bd1f0c0a24bc968a0c0590a726d5a955af193544bcec"},
    {file = "aiohttp-3.6.2-cp36-cp36m-macosx_10_13_x86_64.whl", hash = "sha256:65f31b622af739a802ca6fd1a3076fd0ae523f8485c52924a89561ba10c49b48"},
    {file = "aiohttp-3.6.2-cp36-cp36m-manylinux1_x86_64.whl", hash = "sha256:ae55bac364c405caa23a4f2d6cfecc6a0daada500274ffca4a9230e7129eac59"},
    {file = "aiohttp-3.6.2-cp36-cp36m-win32.whl", hash = "sha256:344c780466b73095a72c616fac5ea9c4665add7fc129f285fbdbca3cccf4612a"},
    {file = "aiohttp-3.6.2-cp36-cp36m-win_amd64.whl", hash = "sha256:4c6efd824d44ae697814a2a85604d8e992b875462c6655da161ff18fd4f29f17"},
    {file = "aiohttp-3.6.2-cp37-cp37m-macosx_10_13_x86_64.whl", hash = "sha256:2f4d1a4fdce595c947162333353d4a44952a724fba9ca3205a3df99a33d1307a"},
    {file = "aiohttp-3.6.2-cp37-cp37m-manylinux1_x86_64.whl", hash = "sha256:6206a135d072f88da3e71cc501c59d5abffa9d0bb43269a6dcd28d66bfafdbdd"},
    {file = "aiohttp-3.6.2-cp37-cp37m-win32.whl", hash = "sha256:b778ce0c909a2653741cb4b1ac7015b5c130ab9c897611df43ae6a58523cb965"},
    {file = "aiohttp-3.6.2-cp37-cp37m-win_amd64.whl", hash = "sha256:32e5f3b7e511aa850829fbe5aa32eb455e5534eaa4b1ce93231d00e2f76e5654"},
    {file = "aiohttp-3.6.2-py3-none-any.whl", hash = "sha256:460bd4237d2dbecc3b5ed57e122992f60188afe46e7319116da5eb8a9dfedba4"},
    {file = "aiohttp-3.6.2.tar.gz", hash = "sha256:259ab809ff0727d0e834ac5e8a283dc5e3e0ecc30c4d80b3cd17a4139ce1f326"},
]
aiohttp-devtools = [
    {file = "aiohttp-devtools-0.13.1.tar.gz", hash = "sha256:da9490c56671ed3920ceb98fc558065dec573c771ca17d500467b245b63f0f9d"},
    {file = "aiohttp_devtools-0.13.1-py35.py36.py37-none-any.whl", hash = "sha256:70dbab32e2234296ddc995cacc06acf6b7ee2cf2ac1be62d4e12e0d333e63f00"},
]
async-timeout = [
    {file = "async-timeout-3.0.1.tar.gz", hash = "sha256:0c3c816a028d47f659d6ff5c745cb2acf1f966da1fe5c19c77a70282b25f4c5f"},
    {file = "async_timeout-3.0.1-py3-none-any.whl", hash = "sha256:4291ca197d287d274d0b6cb5d6f8f8f82d434ed288f962539ff18cc9012f9ea3"},
]
atomicwrites = [
    {file = "atomicwrites-1.3.0-py2.py3-none-any.whl", hash = "sha256:03472c30eb2c5d1ba9227e4c2ca66ab8287fbfbbda3888aa93dc2e28fc6811b4"},
    {file = "atomicwrites-1.3.0.tar.gz", hash = "sha256:75a9445bac02d8d058d5e1fe689654ba5a6556a1dfd8ce6ec55a0ed79866cfa6"},
]
attrs = [
    {file = "attrs-19.3.0-py2.py3-none-any.whl", hash = "sha256:08a96c641c3a74e44eb59afb61a24f2cb9f4d7188748e76ba4bb5edfa3cb7d1c"},
    {file = "attrs-19.3.0.tar.gz", hash = "sha256:f7b7ce16570fe9965acd6d30101a28f62fb4a7f9e926b3bbc9b61f8b04247e72"},
]
brotlipy = [
    {file = "brotlipy-0.7.0-cp27-cp27m-macosx_10_6_intel.whl", hash = "sha256:af65d2699cb9f13b26ec3ba09e75e80d31ff422c03675fcb36ee4dabe588fdc2"},
    {file = "brotlipy-0.7.0-cp27-cp27m-manylinux1_i686.whl", hash = "sha256:50ca336374131cfad20612f26cc43c637ac0bfd2be3361495e99270883b52962"},
    {file = "brotlipy-0.7.0-cp27-cp27m-manylinux1_x86_64.whl", hash = "sha256:fd1d1c64214af5d90014d82cee5d8141b13d44c92ada7a0c0ec0679c6f15a471"},
    {file = "brotlipy-0.7.0-cp27-cp27m-win32.whl", hash = "sha256:5de6f7d010b7558f72f4b061a07395c5c3fd57f0285c5af7f126a677b976a868"},
    {file = "brotlipy-0.7.0-cp27-cp27m-win_amd64.whl", hash = "sha256:637847560d671657f993313ecc6c6c6666a936b7a925779fd044065c7bc035b9"},
    {file = "brotlipy-0.7.0-cp27-cp27mu-manylinux1_i686.whl", hash = "sha256:b4c98b0d2c9c7020a524ca5bbff42027db1004c6571f8bc7b747f2b843128e7a"},
    {file = "brotlipy-0.7.0-cp27-cp27mu-manylinux1_x86_64.whl", hash = "sha256:8b39abc3256c978f575df5cd7893153277216474f303e26f0e43ba3d3969ef96"},
    {file = "brotlipy-0.7.0-cp33-cp33m-macosx_10_6_intel.whl", hash = "sha256:96bc59ff9b5b5552843dc67999486a220e07a0522dddd3935da05dc194fa485c"},
    {file = "brotlipy-0.7.0-cp33-cp33m-manylinux1_i686.whl", hash = "sha256:091b299bf36dd6ef7a06570dbc98c0f80a504a56c5b797f31934d2ad01ae7d17"},
    {file = "brotlipy-0.7.0-cp33-cp33m-manylinux1_x86_64.whl", hash = "sha256:0be698678a114addcf87a4b9496c552c68a2c99bf93cf8e08f5738b392e82057"},
    {file = "brotlipy-0.7.0-cp33-cp33m-win32.whl", hash = "sha256:d2c1c724c4ac375feb2110f1af98ecdc0e5a8ea79d068efb5891f621a5b235cb"},
    {file = "brotlipy-0.7.0-cp33-cp33m-win_amd64.whl", hash = "sha256:3a3e56ced8b15fbbd363380344f70f3b438e0fd1fcf27b7526b6172ea950e867"},
    {file = "brotlipy-0.7.0-cp34-cp34m-macosx_10_6_intel.whl", hash = "sha256:653faef61241bf8bf99d73ca7ec4baa63401ba7b2a2aa88958394869379d67c7"},
    {file = "brotlipy-0.7.0-cp34-cp34m-manylinux1_i686.whl", hash = "sha256:0fa6088a9a87645d43d7e21e32b4a6bf8f7c3939015a50158c10972aa7f425b7"},
    {file = "brotlipy-0.7.0-cp34-cp34m-manylinux1_x86_64.whl", hash = "sha256:79aaf217072840f3e9a3b641cccc51f7fc23037496bd71e26211856b93f4b4cb"},
    {file = "brotlipy-0.7.0-cp34-cp34m-win32.whl", hash = "sha256:a07647886e24e2fb2d68ca8bf3ada398eb56fd8eac46c733d4d95c64d17f743b"},
    {file = "brotlipy-0.7.0-cp34-cp34m-win_amd64.whl", hash = "sha256:c6cc0036b1304dd0073eec416cb2f6b9e37ac8296afd9e481cac3b1f07f9db25"},
    {file = "brotlipy-0.7.0-cp35-cp35m-macosx_10_6_intel.whl", hash = "sha256:07194f4768eb62a4f4ea76b6d0df6ade185e24ebd85877c351daa0a069f1111a"},
    {file = "brotlipy-0.7.0-cp35-cp35m-manylinux1_i686.whl", hash = "sha256:7e31f7adcc5851ca06134705fcf3478210da45d35ad75ec181e1ce9ce345bb38"},
    {file = "brotlipy-0.7.0-cp35-cp35m-manylinux1_x86_64.whl", hash = "sha256:9448227b0df082e574c45c983fa5cd4bda7bfb11ea6b59def0940c1647be0c3c"},
    {file = "brotlipy-0.7.0-cp35-cp35m-win32.whl", hash = "sha256:dc6c5ee0df9732a44d08edab32f8a616b769cc5a4155a12d2d010d248eb3fb07"},
    {file = "brotlipy-0.7.0-cp35-cp35m-win_amd64.whl", hash = "sha256:3c1d5e2cf945a46975bdb11a19257fa057b67591eb232f393d260e7246d9e571"},
    {file = "brotlipy-0.7.0-cp36-cp36m-macosx_10_6_intel.whl", hash = "sha256:2a80319ae13ea8dd60ecdc4f5ccf6da3ae64787765923256b62c598c5bba4121"},
    {file = "brotlipy-0.7.0-cp36-cp36m-manylinux1_i686.whl", hash = "sha256:2699945a0a992c04fc7dc7fa2f1d0575a2c8b4b769f2874a08e8eae46bef36ae"},
    {file = "brotlipy-0.7.0-cp36-cp36m-manylinux1_x86_64.whl", hash = "sha256:1ea4e578241504b58f2456a6c69952c88866c794648bdc74baee74839da61d44"},
    {file = "brotlipy-0.7.0-cp36-cp36m-win32.whl", hash = "sha256:2e5c64522364a9ebcdf47c5744a5ddeb3f934742d31e61ebfbbc095460b47162"},
    {file = "brotlipy-0.7.0-cp36-cp36m-win_amd64.whl", hash = "sha256:09ec3e125d16749b31c74f021aba809541b3564e5359f8c265cbae442810b41a"},
    {file = "brotlipy-0.7.0-cp37-cp37m-macosx_10_14_x86_64.whl", hash = "sha256:4e4638b49835d567d447a2cfacec109f9a777f219f071312268b351b6839436d"},
    {file = "brotlipy-0.7.0-cp37-cp37m-win_amd64.whl", hash = "sha256:1379347337dc3d20b2d61456d44ccce13e0625db2611c368023b4194d5e2477f"},
    {file = "brotlipy-0.7.0-pp226-pp226u-macosx_10_10_x86_64.whl", hash = "sha256:786afc8c9bd67de8d31f46e408a3386331e126829114e4db034f91eacb05396d"},
    {file = "brotlipy-0.7.0.tar.gz", hash = "sha256:36def0b859beaf21910157b4c33eb3b06d8ce459c942102f16988cca6ea164df"},
]
cached-property = [
    {file = "cached-property-1.5.1.tar.gz", hash = "sha256:9217a59f14a5682da7c4b8829deadbfc194ac22e9908ccf7c8820234e80a1504"},
    {file = "cached_property-1.5.1-py2.py3-none-any.whl", hash = "sha256:3a026f1a54135677e7da5ce819b0c690f156f37976f3e30c5430740725203d7f"},
]
cachetools = [
    {file = "cachetools-4.0.0-py3-none-any.whl", hash = "sha256:b304586d357c43221856be51d73387f93e2a961598a9b6b6670664746f3b6c6c"},
    {file = "cachetools-4.0.0.tar.gz", hash = "sha256:9a52dd97a85f257f4e4127f15818e71a0c7899f121b34591fcc1173ea79a0198"},
]
cchardet = [
    {file = "cchardet-2.1.5-cp27-cp27m-manylinux1_i686.whl", hash = "sha256:f87bdef26758a0a8de93bbfd7651ac4fcf798a7a06c049c347a0103279698b23"},
    {file = "cchardet-2.1.5-cp27-cp27m-manylinux1_x86_64.whl", hash = "sha256:af48965b752490d8e330e41a46ba47f07c63f22ac5c7f4c396b7efd3958daa2e"},
    {file = "cchardet-2.1.5-cp27-cp27m-win32.whl", hash = "sha256:8126798ec34b9fb444472d849b6510817939347809b898a0d6d6463e41c5901a"},
    {file = "cchardet-2.1.5-cp27-cp27m-win_amd64.whl", hash = "sha256:6bf07931fa81238d9174266aaf83605204192977671ef230d5651a8f9d4acf56"},
    {file = "cchardet-2.1.5-cp27-cp27mu-manylinux1_i686.whl", hash = "sha256:30f461d876cf3ea40c6fd949b9725c7c6e2522a3e87d33817d221e9f478d7e4d"},
    {file = "cchardet-2.1.5-cp27-cp27mu-manylinux1_x86_64.whl", hash = "sha256:3ae84e6ee215925cd06a772d87c17d5485d862e2f1677aa0d6c295ea9313f117"},
    {file = "cchardet-2.1.5-cp35-cp35m-manylinux1_i686.whl", hash = "sha256:bb05580cd40f4cb7ccda5f90163fc43e27820046a6d0af11c1747d515fc69859"},
    {file = "cchardet-2.1.5-cp35-cp35m-manylinux1_x86_64.whl", hash = "sha256:7f22a8194c4e696cea3eff28723f77858495dec52baf93261943c8bb8ce08035"},
    {file = "cchardet-2.1.5-cp35-cp35m-win32.whl", hash = "sha256:a4e346151042b5cfae34fff65911842f04849be4a74f22bc52b1e99c11650210"},
    {file = "cchardet-2.1.5-cp35-cp35m-win_amd64.whl", hash = "sha256:92341348fed2fb53899e9cccf030da5377beb8ed26dfddc6acf87f1f0ce4b80e"},
    {file = "cchardet-2.1.5-cp36-cp36m-manylinux1_i686.whl", hash = "sha256:1a6d00b7cbd8acfc5e3093cb5f983a667d0752dc328123c8dcb293e252bfb024"},
    {file = "cchardet-2.1.5-cp36-cp36m-manylinux1_x86_64.whl", hash = "sha256:379a0bbd630bca677990df7509672a2ca43faf928939fd4b063fc2215b025b91"},
    {file = "cchardet-2.1.5-cp36-cp36m-win32.whl", hash = "sha256:4bd54ff3a239b4fe598ba262d8730372e339fdd314286ceb6706a003d3e03d7b"},
    {file = "cchardet-2.1.5-cp36-cp36m-win_amd64.whl", hash = "sha256:6a192cce3009c9cd671588574ad0cb81322c78265ebcb33b2def63c15e44ea47"},
    {file = "cchardet-2.1.5-cp37-cp37m-manylinux1_i686.whl", hash = "sha256:4d015296e96c0b2022495e4685b6fc0f3c9feed88fb062135f7f4748df7e0921"},
    {file = "cchardet-2.1.5-cp37-cp37m-manylinux1_x86_64.whl", hash = "sha256:5011ab33557913489c98d2fbdd7d88f06736f0bb456c60952fc5e52886b2a410"},
    {file = "cchardet-2.1.5-cp37-cp37m-win32.whl", hash = "sha256:8e3a50bcad2ca0921fbbd46d29cc215dcc0d6d360570d594aeb7b0e2de716e8c"},
    {file = "cchardet-2.1.5-cp37-cp37m-win_amd64.whl", hash = "sha256:b7cad0a062675acb42eb5170b07be774a5d9ca35a24388e918e5b78cb40ccbf2"},
    {file = "cchardet-2.1.5-cp38-cp38-manylinux1_i686.whl", hash = "sha256:950fb40918772efe5779747a2f6c83a053a26b623a674f1d4f271b35331a9968"},
    {file = "cchardet-2.1.5-cp38-cp38-manylinux1_x86_64.whl", hash = "sha256:b5cebf47f498e5ad4a9a5ef089b7ab6ef7926eaeea0b239c8e54f8217ce81cf2"},
    {file = "cchardet-2.1.5-cp38-cp38m-win32.whl", hash = "sha256:4001620ba761b2ddd51caef6194444b5cd2f131de7c8c51a0f4896cb1ea1111a"},
    {file = "cchardet-2.1.5-cp38-cp38m-win_amd64.whl", hash = "sha256:0f7ec49fcd28088c387d4afcc02c0549434d9e07deb2519365a6baa5b6c7ebb4"},
    {file = "cchardet-2.1.5.tar.gz", hash = "sha256:240efe3f255f916769458343840b9c6403cf3192720bc5129792cbcb88bf72fb"},
]
certifi = [
    {file = "certifi-2019.11.28-py2.py3-none-any.whl", hash = "sha256:017c25db2a153ce562900032d5bc68e9f191e44e9a0f762f373977de9df1fbb3"},
    {file = "certifi-2019.11.28.tar.gz", hash = "sha256:25b64c7da4cd7479594d035c08c2d809eb4aab3a26e5a990ea98cc450c320f1f"},
]
cffi = [
    {file = "cffi-1.13.2-cp27-cp27m-macosx_10_6_intel.whl", hash = "sha256:3c9fff570f13480b201e9ab69453108f6d98244a7f495e91b6c654a47486ba43"},
    {file = "cffi-1.13.2-cp27-cp27m-manylinux1_i686.whl", hash = "sha256:2c5e309ec482556397cb21ede0350c5e82f0eb2621de04b2633588d118da4396"},
    {file = "cffi-1.13.2-cp27-cp27m-manylinux1_x86_64.whl", hash = "sha256:19db0cdd6e516f13329cba4903368bff9bb5a9331d3410b1b448daaadc495e54"},
    {file = "cffi-1.13.2-cp27-cp27m-win32.whl", hash = "sha256:5c4fae4e9cdd18c82ba3a134be256e98dc0596af1e7285a3d2602c97dcfa5159"},
    {file = "cffi-1.13.2-cp27-cp27m-win_amd64.whl", hash = "sha256:32a262e2b90ffcfdd97c7a5e24a6012a43c61f1f5a57789ad80af1d26c6acd97"},
    {file = "cffi-1.13.2-cp27-cp27mu-manylinux1_i686.whl", hash = "sha256:4a43c91840bda5f55249413037b7a9b79c90b1184ed504883b72c4df70778579"},
    {file = "cffi-1.13.2-cp27-cp27mu-manylinux1_x86_64.whl", hash = "sha256:8169cf44dd8f9071b2b9248c35fc35e8677451c52f795daa2bb4643f32a540bc"},
    {file = "cffi-1.13.2-cp34-cp34m-macosx_10_6_intel.whl", hash = "sha256:71a608532ab3bd26223c8d841dde43f3516aa5d2bf37b50ac410bb5e99053e8f"},
    {file = "cffi-1.13.2-cp34-cp34m-manylinux1_i686.whl", hash = "sha256:7f627141a26b551bdebbc4855c1157feeef18241b4b8366ed22a5c7d672ef858"},
    {file = "cffi-1.13.2-cp34-cp34m-manylinux1_x86_64.whl", hash = "sha256:0b49274afc941c626b605fb59b59c3485c17dc776dc3cc7cc14aca74cc19cc42"},
    {file = "cffi-1.13.2-cp34-cp34m-win32.whl", hash = "sha256:4424e42199e86b21fc4db83bd76909a6fc2a2aefb352cb5414833c030f6ed71b"},
    {file = "cffi-1.13.2-cp34-cp34m-win_amd64.whl", hash = "sha256:7d4751da932caaec419d514eaa4215eaf14b612cff66398dd51129ac22680b20"},
    {file = "cffi-1.13.2-cp35-cp35m-macosx_10_6_intel.whl", hash = "sha256:ccb032fda0873254380aa2bfad2582aedc2959186cce61e3a17abc1a55ff89c3"},
    {file = "cffi-1.13.2-cp35-cp35m-manylinux1_i686.whl", hash = "sha256:dcd65317dd15bc0451f3e01c80da2216a31916bdcffd6221ca1202d96584aa25"},
    {file = "cffi-1.13.2-cp35-cp35m-manylinux1_x86_64.whl", hash = "sha256:135f69aecbf4517d5b3d6429207b2dff49c876be724ac0c8bf8e1ea99df3d7e5"},
    {file = "cffi-1.13.2-cp35-cp35m-win32.whl", hash = "sha256:7b93a885bb13073afb0aa73ad82059a4c41f4b7d8eb8368980448b52d4c7dc2c"},
    {file = "cffi-1.13.2-cp35-cp35m-win_amd64.whl", hash = "sha256:e570d3ab32e2c2861c4ebe6ffcad6a8abf9347432a37608fe1fbd157b3f0036b"},
    {file = "cffi-1.13.2-cp36-cp36m-macosx_10_6_intel.whl", hash = "sha256:0e3ea92942cb1168e38c05c1d56b0527ce31f1a370f6117f1d490b8dcd6b3a04"},
    {file = "cffi-1.13.2-cp36-cp36m-manylinux1_i686.whl", hash = "sha256:5ecfa867dea6fabe2a58f03ac9186ea64da1386af2159196da51c4904e11d652"},
    {file = "cffi-1.13.2-cp36-cp36m-manylinux1_x86_64.whl", hash = "sha256:291f7c42e21d72144bb1c1b2e825ec60f46d0a7468f5346841860454c7aa8f57"},
    {file = "cffi-1.13.2-cp36-cp36m-win32.whl", hash = "sha256:62f2578358d3a92e4ab2d830cd1c2049c9c0d0e6d3c58322993cc341bdeac22e"},
    {file = "cffi-1.13.2-cp36-cp36m-win_amd64.whl", hash = "sha256:fd43a88e045cf992ed09fa724b5315b790525f2676883a6ea64e3263bae6549d"},
    {file = "cffi-1.13.2-cp37-cp37m-macosx_10_6_intel.whl", hash = "sha256:d75c461e20e29afc0aee7172a0950157c704ff0dd51613506bd7d82b718e7410"},
    {file = "cffi-1.13.2-cp37-cp37m-manylinux1_i686.whl", hash = "sha256:aa00d66c0fab27373ae44ae26a66a9e43ff2a678bf63a9c7c1a9a4d61172827a"},
    {file = "cffi-1.13.2-cp37-cp37m-manylinux1_x86_64.whl", hash = "sha256:2e9c80a8c3344a92cb04661115898a9129c074f7ab82011ef4b612f645939f12"},
    {file = "cffi-1.13.2-cp37-cp37m-win32.whl", hash = "sha256:d754f39e0d1603b5b24a7f8484b22d2904fa551fe865fd0d4c3332f078d20d4e"},
    {file = "cffi-1.13.2-cp37-cp37m-win_amd64.whl", hash = "sha256:6471a82d5abea994e38d2c2abc77164b4f7fbaaf80261cb98394d5793f11b12a"},
    {file = "cffi-1.13.2-cp38-cp38-macosx_10_9_x86_64.whl", hash = "sha256:74a1d8c85fb6ff0b30fbfa8ad0ac23cd601a138f7509dc617ebc65ef305bb98d"},
    {file = "cffi-1.13.2-cp38-cp38-manylinux1_i686.whl", hash = "sha256:42194f54c11abc8583417a7cf4eaff544ce0de8187abaf5d29029c91b1725ad3"},
    {file = "cffi-1.13.2-cp38-cp38-manylinux1_x86_64.whl", hash = "sha256:415bdc7ca8c1c634a6d7163d43fb0ea885a07e9618a64bda407e04b04333b7db"},
    {file = "cffi-1.13.2-cp38-cp38-win32.whl", hash = "sha256:6d4f18483d040e18546108eb13b1dfa1000a089bcf8529e30346116ea6240506"},
    {file = "cffi-1.13.2-cp38-cp38-win_amd64.whl", hash = "sha256:2781e9ad0e9d47173c0093321bb5435a9dfae0ed6a762aabafa13108f5f7b2ba"},
    {file = "cffi-1.13.2.tar.gz", hash = "sha256:599a1e8ff057ac530c9ad1778293c665cb81a791421f46922d80a86473c13346"},
]
chardet = [
    {file = "chardet-3.0.4-py2.py3-none-any.whl", hash = "sha256:fc323ffcaeaed0e0a02bf4d117757b98aed530d9ed4531e3e15460124c106691"},
    {file = "chardet-3.0.4.tar.gz", hash = "sha256:84ab92ed1c4d4f16916e05906b6b75a6c0fb5db821cc65e70cbd64a3e2a5eaae"},
]
click = [
    {file = "Click-7.0-py2.py3-none-any.whl", hash = "sha256:2335065e6395b9e67ca716de5f7526736bfa6ceead690adf616d925bdc622b13"},
    {file = "Click-7.0.tar.gz", hash = "sha256:5b94b49521f6456670fdb30cd82a4eca9412788a93fa6dd6df72c94d5a8ff2d7"},
]
colorama = [
    {file = "colorama-0.4.3-py2.py3-none-any.whl", hash = "sha256:7d73d2a99753107a36ac6b455ee49046802e59d9d076ef8e47b61499fa29afff"},
    {file = "colorama-0.4.3.tar.gz", hash = "sha256:e96da0d330793e2cb9485e9ddfd918d456036c7149416295932478192f4436a1"},
]
devtools = [
    {file = "devtools-0.5.1-py35.py36-none-any.whl", hash = "sha256:7a1f7db6ade0a71840ca4014d75dd72390aed2ef04e39e2b2445af7b3a3f4679"},
    {file = "devtools-0.5.1.tar.gz", hash = "sha256:51ca8d2e15b8a862875a4837db2bafbc6cda409c069e960aec3f4bbd91fe9c08"},
]
google-auth = [
    {file = "google-auth-1.10.0.tar.gz", hash = "sha256:7bb2034a3a290190cf4e3eb8ebf29e5025c90f0b06a00ba4d1fb94bf0c6448f7"},
    {file = "google_auth-1.10.0-py2.py3-none-any.whl", hash = "sha256:c57074e594d2c6e3e316162734e8af3e15d40252022e69414cba67de66594417"},
]
idna = [
    {file = "idna-2.8-py2.py3-none-any.whl", hash = "sha256:ea8b7f6188e6fa117537c3df7da9fc686d485087abf6ac197f9c46432f7e4a3c"},
    {file = "idna-2.8.tar.gz", hash = "sha256:c357b3f628cf53ae2c4c05627ecc484553142ca23264e593d327bcde5e9c3407"},
]
kubernetes = [
    {file = "kubernetes-10.0.1-py2.py3-none-any.whl", hash = "sha256:a6dee02a1b39ea4bb9c4c2cc415ea0ada33d8ea0a920f7d4fb6d166989dcac01"},
    {file = "kubernetes-10.0.1.tar.gz", hash = "sha256:3770a496663396ad1def665eeadb947b3f45217a08b64b10c01a57e981ac8592"},
]
mock = [
    {file = "mock-3.0.5-py2.py3-none-any.whl", hash = "sha256:d157e52d4e5b938c550f39eb2fd15610db062441a9c2747d3dbfa9298211d0f8"},
    {file = "mock-3.0.5.tar.gz", hash = "sha256:83657d894c90d5681d62155c82bda9c1187827525880eda8ff5df4ec813437c3"},
]
more-itertools = [
    {file = "more-itertools-8.0.2.tar.gz", hash = "sha256:b84b238cce0d9adad5ed87e745778d20a3f8487d0f0cb8b8a586816c7496458d"},
    {file = "more_itertools-8.0.2-py3-none-any.whl", hash = "sha256:c833ef592a0324bcc6a60e48440da07645063c453880c9477ceb22490aec1564"},
]
multidict = [
    {file = "multidict-4.7.2-cp35-cp35m-macosx_10_13_x86_64.whl", hash = "sha256:8f30ead697c2e37147d82ba8019952b5ea99bd3d1052f1f1ebff951eaa953209"},
    {file = "multidict-4.7.2-cp35-cp35m-manylinux1_x86_64.whl", hash = "sha256:824716bba5a4efd74ddd36a3830efb9e49860149514ef7c41aac0144757ebb5d"},
    {file = "multidict-4.7.2-cp35-cp35m-win32.whl", hash = "sha256:63d9a3d93a514549760cb68c82864966bddb6ab53a3326931c8db9ad29414603"},
    {file = "multidict-4.7.2-cp35-cp35m-win_amd64.whl", hash = "sha256:a03efe8b7591c77d9ad4b9d81dcfb9c96e538ae25eb114385f35f4d7ffa3bac2"},
    {file = "multidict-4.7.2-cp36-cp36m-macosx_10_13_x86_64.whl", hash = "sha256:7dd6f6a51b64d0a6473bc30c53e1d73fcb461c437f43662b7d6d701bd90db253"},
    {file = "multidict-4.7.2-cp36-cp36m-manylinux1_x86_64.whl", hash = "sha256:77264002c184538df5dcb4fc1de5df6803587fa30bbe12203a7a3436b8aafc0f"},
    {file = "multidict-4.7.2-cp36-cp36m-win32.whl", hash = "sha256:b86e8e33a0a24240b293e7fad233a7e886bae6e51ca6923d39f4e313dd1d5578"},
    {file = "multidict-4.7.2-cp36-cp36m-win_amd64.whl", hash = "sha256:daf6d89e47418e38af98e1f2beb3fe0c8aa34806f681d04df314c0f131dcf01d"},
    {file = "multidict-4.7.2-cp37-cp37m-macosx_10_13_x86_64.whl", hash = "sha256:7f4e591ec80619e74c50b7800f9db9b0e01d2099094767050dfe2e78e1c41839"},
    {file = "multidict-4.7.2-cp37-cp37m-manylinux1_x86_64.whl", hash = "sha256:335344a3c3b19845c73a7826f359c51c4a12a1ccd2392b5f572a63b452bfc771"},
    {file = "multidict-4.7.2-cp37-cp37m-win32.whl", hash = "sha256:615a282acd530a1bc1b01f069a8c5874cb7c2780c287a2895ad5ab7407540e9d"},
    {file = "multidict-4.7.2-cp37-cp37m-win_amd64.whl", hash = "sha256:20081b14c923d2c5122c13e060d0ee334e078e1802c36006b20c8d7a59ee6a52"},
    {file = "multidict-4.7.2-cp38-cp38-macosx_10_13_x86_64.whl", hash = "sha256:49e80c53659c7ac50ec1c4b5fa50f045b67fffeb5b735dccb6205e4ff122e8b6"},
    {file = "multidict-4.7.2-cp38-cp38-manylinux1_x86_64.whl", hash = "sha256:ff53a434890a16356bc45c0b90557efd89d0e5a820dbab37015d7ee630c6707a"},
    {file = "multidict-4.7.2-cp38-cp38-win32.whl", hash = "sha256:c1c64c93b8754a5cebd495d136f47a5ca93cbfceba532e306a768c27a0c1292b"},
    {file = "multidict-4.7.2-cp38-cp38-win_amd64.whl", hash = "sha256:e03b7addca96b9eb24d6eabbdc3041e8f71fd47b316e0f3c0fa993fc7b99002c"},
    {file = "multidict-4.7.2.tar.gz", hash = "sha256:d4dafdcfbf0ac80fc5f00603f0ce43e487c654ae34a656e4749f175d9832b1b5"},
]
oauthlib = [
    {file = "oauthlib-3.1.0-py2.py3-none-any.whl", hash = "sha256:df884cd6cbe20e32633f1db1072e9356f53638e4361bef4e8b03c9127c9328ea"},
    {file = "oauthlib-3.1.0.tar.gz", hash = "sha256:bee41cc35fcca6e988463cacc3bcb8a96224f470ca547e697b604cc697b2f889"},
]
peewee = [
    {file = "peewee-3.13.1.tar.gz", hash = "sha256:9492af4d1f8e18a7fa0e930960315b38931286ea0f1659bbd5503456cffdacde"},
]
peewee-migrate = [
    {file = "peewee_migrate-1.1.6-py2.py3-none-any.whl", hash = "sha256:17c6340047ce4090eb352488c8a7ba991dd3cf253aeeb2232881ae45414cb2c5"},
    {file = "peewee_migrate-1.1.6.tar.gz", hash = "sha256:9291c6cd39d214644ebc5d2ef2a43f9310f9546aedc8280015647c6f8ef92614"},
]
pluggy = [
    {file = "pluggy-0.13.1-py2.py3-none-any.whl", hash = "sha256:966c145cd83c96502c3c3868f50408687b38434af77734af1e9ca461a4081d2d"},
    {file = "pluggy-0.13.1.tar.gz", hash = "sha256:15b2acde666561e1298d71b523007ed7364de07029219b604cf808bfa1c765b0"},
]
psycopg2 = [
    {file = "psycopg2-2.8.4-cp27-cp27m-win32.whl", hash = "sha256:72772181d9bad1fa349792a1e7384dde56742c14af2b9986013eb94a240f005b"},
    {file = "psycopg2-2.8.4-cp27-cp27m-win_amd64.whl", hash = "sha256:893c11064b347b24ecdd277a094413e1954f8a4e8cdaf7ffbe7ca3db87c103f0"},
    {file = "psycopg2-2.8.4-cp34-cp34m-win32.whl", hash = "sha256:9ab75e0b2820880ae24b7136c4d230383e07db014456a476d096591172569c38"},
    {file = "psycopg2-2.8.4-cp34-cp34m-win_amd64.whl", hash = "sha256:b0845e3bdd4aa18dc2f9b6fb78fbd3d9d371ad167fd6d1b7ad01c0a6cdad4fc6"},
    {file = "psycopg2-2.8.4-cp35-cp35m-win32.whl", hash = "sha256:ef6df7e14698e79c59c7ee7cf94cd62e5b869db369ed4b1b8f7b729ea825712a"},
    {file = "psycopg2-2.8.4-cp35-cp35m-win_amd64.whl", hash = "sha256:965c4c93e33e6984d8031f74e51227bd755376a9df6993774fd5b6fb3288b1f4"},
    {file = "psycopg2-2.8.4-cp36-cp36m-win32.whl", hash = "sha256:ed686e5926929887e2c7ae0a700e32c6129abb798b4ad2b846e933de21508151"},
    {file = "psycopg2-2.8.4-cp36-cp36m-win_amd64.whl", hash = "sha256:dca2d7203f0dfce8ea4b3efd668f8ea65cd2b35112638e488a4c12594015f67b"},
    {file = "psycopg2-2.8.4-cp37-cp37m-win32.whl", hash = "sha256:8396be6e5ff844282d4d49b81631772f80dabae5658d432202faf101f5283b7c"},
    {file = "psycopg2-2.8.4-cp37-cp37m-win_amd64.whl", hash = "sha256:47fc642bf6f427805daf52d6e52619fe0637648fe27017062d898f3bf891419d"},
    {file = "psycopg2-2.8.4-cp38-cp38-win32.whl", hash = "sha256:4212ca404c4445dc5746c0d68db27d2cbfb87b523fe233dc84ecd24062e35677"},
    {file = "psycopg2-2.8.4-cp38-cp38-win_amd64.whl", hash = "sha256:92a07dfd4d7c325dd177548c4134052d4842222833576c8391aab6f74038fc3f"},
    {file = "psycopg2-2.8.4.tar.gz", hash = "sha256:f898e5cc0a662a9e12bde6f931263a1bbd350cfb18e1d5336a12927851825bb6"},
]
py = [
    {file = "py-1.8.0-py2.py3-none-any.whl", hash = "sha256:64f65755aee5b381cea27766a3a147c3f15b9b6b9ac88676de66ba2ae36793fa"},
    {file = "py-1.8.0.tar.gz", hash = "sha256:dc639b046a6e2cff5bbe40194ad65936d6ba360b52b3c3fe1d08a82dd50b5e53"},
]
pyasn1 = [
    {file = "pyasn1-0.4.8-py2.4.egg", hash = "sha256:fec3e9d8e36808a28efb59b489e4528c10ad0f480e57dcc32b4de5c9d8c9fdf3"},
    {file = "pyasn1-0.4.8-py2.5.egg", hash = "sha256:0458773cfe65b153891ac249bcf1b5f8f320b7c2ce462151f8fa74de8934becf"},
    {file = "pyasn1-0.4.8-py2.6.egg", hash = "sha256:5c9414dcfede6e441f7e8f81b43b34e834731003427e5b09e4e00e3172a10f00"},
    {file = "pyasn1-0.4.8-py2.7.egg", hash = "sha256:6e7545f1a61025a4e58bb336952c5061697da694db1cae97b116e9c46abcf7c8"},
    {file = "pyasn1-0.4.8-py2.py3-none-any.whl", hash = "sha256:39c7e2ec30515947ff4e87fb6f456dfc6e84857d34be479c9d4a4ba4bf46aa5d"},
    {file = "pyasn1-0.4.8-py3.1.egg", hash = "sha256:78fa6da68ed2727915c4767bb386ab32cdba863caa7dbe473eaae45f9959da86"},
    {file = "pyasn1-0.4.8-py3.2.egg", hash = "sha256:08c3c53b75eaa48d71cf8c710312316392ed40899cb34710d092e96745a358b7"},
    {file = "pyasn1-0.4.8-py3.3.egg", hash = "sha256:03840c999ba71680a131cfaee6fab142e1ed9bbd9c693e285cc6aca0d555e576"},
    {file = "pyasn1-0.4.8-py3.4.egg", hash = "sha256:7ab8a544af125fb704feadb008c99a88805126fb525280b2270bb25cc1d78a12"},
    {file = "pyasn1-0.4.8-py3.5.egg", hash = "sha256:e89bf84b5437b532b0803ba5c9a5e054d21fec423a89952a74f87fa2c9b7bce2"},
    {file = "pyasn1-0.4.8-py3.6.egg", hash = "sha256:014c0e9976956a08139dc0712ae195324a75e142284d5f87f1a87ee1b068a359"},
    {file = "pyasn1-0.4.8-py3.7.egg", hash = "sha256:99fcc3c8d804d1bc6d9a099921e39d827026409a58f2a720dcdb89374ea0c776"},
    {file = "pyasn1-0.4.8.tar.gz", hash = "sha256:aef77c9fb94a3ac588e87841208bdec464471d9871bd5050a287cc9a475cd0ba"},
]
pyasn1-modules = [
    {file = "pyasn1-modules-0.2.7.tar.gz", hash = "sha256:0c35a52e00b672f832e5846826f1fb7507907f7d52fba6faa9e3c4cbe874fe4b"},
    {file = "pyasn1_modules-0.2.7-py2.4.egg", hash = "sha256:233f55c840e821e76828262db976ac894b285909d22d060c2bdb522e7bf28cc6"},
    {file = "pyasn1_modules-0.2.7-py2.5.egg", hash = "sha256:9ca5e376a6d9dee35bb3a62608dfa2e6698798aa6b8db3c7afd0eb31af0d63c7"},
    {file = "pyasn1_modules-0.2.7-py2.6.egg", hash = "sha256:27581362b4253b9c999882a64df974124cde12be0bf2c04148a0d68bc6bbb7b8"},
    {file = "pyasn1_modules-0.2.7-py2.7.egg", hash = "sha256:13a6955947d8a554de78fc305a4d651f20fb5580b88612a5f0661d4f189d27ac"},
    {file = "pyasn1_modules-0.2.7-py2.py3-none-any.whl", hash = "sha256:b6ada4f840fe51abf5a6bd545b45bf537bea62221fa0dde2e8a553ed9f06a4e3"},
    {file = "pyasn1_modules-0.2.7-py3.1.egg", hash = "sha256:9b972f81f59d896cebb9ebb1d44296f1acb28bf7869443c37551f4eed8d74f83"},
    {file = "pyasn1_modules-0.2.7-py3.2.egg", hash = "sha256:64f6aecf26e93f6a3ba3725b4eb9f532551747d7a63ca9ff43aef12f4bf11eac"},
    {file = "pyasn1_modules-0.2.7-py3.3.egg", hash = "sha256:33c220a2701032261a23eea6e9881404ac6fc7ff96f183b5353fea8fc8962547"},
    {file = "pyasn1_modules-0.2.7-py3.4.egg", hash = "sha256:24d54188cb7abd750e0a2cba61b7b46a75608175a0c3c1b1eee08322915d8d21"},
    {file = "pyasn1_modules-0.2.7-py3.5.egg", hash = "sha256:7b4edf07ca2f759d7cf693184be09f22e067c2eb52b03c770d0a2e9de1c67dfd"},
    {file = "pyasn1_modules-0.2.7-py3.6.egg", hash = "sha256:eaf35047a0b068e3e0c2a99618b13b65c98c329661daa78c9d44a4ef0fe8139e"},
    {file = "pyasn1_modules-0.2.7-py3.7.egg", hash = "sha256:c14b107a67ee36a7f183ae9f4803ffde4a03b67f3192eab0a62e851af71371d3"},
]
pycares = [
    {file = "pycares-3.1.0-cp35-cp35m-macosx_10_6_intel.whl", hash = "sha256:73fceb68d430e8c284a2118b44f54e32cb921111b611eba392db85f8de8bb02b"},
    {file = "pycares-3.1.0-cp35-cp35m-manylinux1_i686.whl", hash = "sha256:ca01c2abc7356b34b54559bfce6c6acd2d66dfb5ea0550e3fe9e0cbd1a956867"},
    {file = "pycares-3.1.0-cp35-cp35m-manylinux1_x86_64.whl", hash = "sha256:ee4eaa6a4be4b0dd7b797ed481d3c98318cd22c9fee1684adf0ee2e062282a7f"},
    {file = "pycares-3.1.0-cp35-cp35m-manylinux2010_i686.whl", hash = "sha256:d54ee1ae7e7b18d131b226d3cf5e75cedb35eef119edb237c0ef01aff4c0d6fb"},
    {file = "pycares-3.1.0-cp35-cp35m-manylinux2010_x86_64.whl", hash = "sha256:d1ca9bcd903e77972f75729944d6d5a49b7135108531236f732789180729ba44"},
    {file = "pycares-3.1.0-cp35-cp35m-win32.whl", hash = "sha256:2ccddc69b1d5867551c0a709aac01317d01d525a4977bbf223d9d1fe739d20f0"},
    {file = "pycares-3.1.0-cp35-cp35m-win_amd64.whl", hash = "sha256:4232798cd5d48939588fe540d02923c9620982246f33913f8603410f9cab782b"},
    {file = "pycares-3.1.0-cp36-cp36m-macosx_10_6_intel.whl", hash = "sha256:57b4ef5a70364bc6d40e88c733705f1bea4098bc70a5c0899c0d5be7e3b7432d"},
    {file = "pycares-3.1.0-cp36-cp36m-manylinux1_i686.whl", hash = "sha256:9274799f39f2b4a15bee84b2c0016b3b05eb0d27704c396288a3fa03f649e320"},
    {file = "pycares-3.1.0-cp36-cp36m-manylinux1_x86_64.whl", hash = "sha256:c480d34dd039a4537c512428249c4b329307e4f00e1d941658d40c7277713989"},
    {file = "pycares-3.1.0-cp36-cp36m-manylinux2010_i686.whl", hash = "sha256:15f102fb3c7aeb5d2ad3b74be389ac161d5dfa0a04a09b1cf7024484229fda40"},
    {file = "pycares-3.1.0-cp36-cp36m-manylinux2010_x86_64.whl", hash = "sha256:072dabbb7e628412f090b0e30fe37900e719ab210d6a919ba714af2a5f60e715"},
    {file = "pycares-3.1.0-cp36-cp36m-win32.whl", hash = "sha256:b6aff158ed2fafdb18b456ea98e08cad35f8724628f90318cc8ff72ed0b22244"},
    {file = "pycares-3.1.0-cp36-cp36m-win_amd64.whl", hash = "sha256:613e8958c1667d7b27fde9f3b9c34bf55b1795a89f0d008c83ee6542b02aca50"},
    {file = "pycares-3.1.0-cp37-cp37m-macosx_10_6_intel.whl", hash = "sha256:07983aa16520df7f0db55b6b245a059f5a45cf0191e9c8b5c5597e81a5549f07"},
    {file = "pycares-3.1.0-cp37-cp37m-manylinux1_i686.whl", hash = "sha256:1b649c379c67ed9d5f9b2cfc9df2613efa1abb6a837a70943f600cb51305e9f7"},
    {file = "pycares-3.1.0-cp37-cp37m-manylinux1_x86_64.whl", hash = "sha256:e1374f8a50453e5969ecbd3137dba10ec95b116151fc5cd06168d4ca756f21ef"},
    {file = "pycares-3.1.0-cp37-cp37m-manylinux2010_i686.whl", hash = "sha256:03070bc94e1641fe7b5ddd51fdbeed7b7a32a6d062f7fd2d53acc7a4533bc3b9"},
    {file = "pycares-3.1.0-cp37-cp37m-manylinux2010_x86_64.whl", hash = "sha256:f8983c1695d2fbc53bf6d649a28cd6a1dab39a7aa8452c745f4042ac5462cecf"},
    {file = "pycares-3.1.0-cp37-cp37m-win32.whl", hash = "sha256:d2d362885bcfa56b8e08a07f951862e71b2f3547c3a6e0817d93417f0f765168"},
    {file = "pycares-3.1.0-cp37-cp37m-win_amd64.whl", hash = "sha256:cbe39462af102bc414f1a7e4407e507b1bd1dbfb282e9ca4bfaa54d4e75a5083"},
    {file = "pycares-3.1.0-cp38-cp38-macosx_10_9_x86_64.whl", hash = "sha256:ccddb5e7df99f3b90ffe56310b195a61e30023df93668a19cdbd5872b29b6caf"},
    {file = "pycares-3.1.0-cp38-cp38-manylinux1_i686.whl", hash = "sha256:5a4c87013d420453dfe793d5d73bfcefb5bf6eeaa310a41723ad6aa6a1de46d5"},
    {file = "pycares-3.1.0-cp38-cp38-manylinux1_x86_64.whl", hash = "sha256:9b379c4cf483defe5cf9bacbd571827f7e7b9896dd910512e4fa78b78cc4ecd2"},
    {file = "pycares-3.1.0-cp38-cp38-manylinux2010_i686.whl", hash = "sha256:30d5b968a33e80741abbc7731456f7fabd204dfad5be6089bb0b6396459e59a2"},
    {file = "pycares-3.1.0-cp38-cp38-manylinux2010_x86_64.whl", hash = "sha256:72652bcb5f738817753d586dd9fa66a0746f5cd4ff9037ab628cb9dc49a8ef6b"},
    {file = "pycares-3.1.0-cp38-cp38-win32.whl", hash = "sha256:1b1bd9dd25eeab154b2659e6a59a78a4c7f575d4641ce6fcb2c3e8c308748533"},
    {file = "pycares-3.1.0-cp38-cp38-win_amd64.whl", hash = "sha256:f36d9e677694732ac1c364f7d966b112b7c068c15198fdf73f715e22773ad35e"},
    {file = "pycares-3.1.0.tar.gz", hash = "sha256:663c000625725d3a63466a674df4ee7f62bf8ca1ae8a0b87a6411eb811e0e794"},
]
pycparser = [
    {file = "pycparser-2.19.tar.gz", hash = "sha256:a988718abfad80b6b157acce7bf130a30876d27603738ac39f140993246b25b3"},
]
pygments = [
    {file = "Pygments-2.5.2-py2.py3-none-any.whl", hash = "sha256:2a3fe295e54a20164a9df49c75fa58526d3be48e14aceba6d6b1e8ac0bfd6f1b"},
    {file = "Pygments-2.5.2.tar.gz", hash = "sha256:98c8aa5a9f778fcd1026a17361ddaf7330d1b7c62ae97c3bb0ae73e0b9b6b0fe"},
]
pytest = [
    {file = "pytest-3.10.1-py2.py3-none-any.whl", hash = "sha256:3f193df1cfe1d1609d4c583838bea3d532b18d6160fd3f55c9447fdca30848ec"},
    {file = "pytest-3.10.1.tar.gz", hash = "sha256:e246cf173c01169b9617fc07264b7b1316e78d7a650055235d6d897bc80d9660"},
]
python-dateutil = [
    {file = "python-dateutil-2.8.1.tar.gz", hash = "sha256:73ebfe9dbf22e832286dafa60473e4cd239f8592f699aa5adaf10050e6e1823c"},
    {file = "python_dateutil-2.8.1-py2.py3-none-any.whl", hash = "sha256:75bb3f31ea686f1197762692a9ee6a7550b59fc6ca3a1f4b5d7e32fb98e2da2a"},
]
python-dotenv = [
    {file = "python-dotenv-0.10.3.tar.gz", hash = "sha256:f157d71d5fec9d4bd5f51c82746b6344dffa680ee85217c123f4a0c8117c4544"},
    {file = "python_dotenv-0.10.3-py2.py3-none-any.whl", hash = "sha256:debd928b49dbc2bf68040566f55cdb3252458036464806f4094487244e2a4093"},
]
pyyaml = [
    {file = "PyYAML-5.2-cp27-cp27m-win32.whl", hash = "sha256:35ace9b4147848cafac3db142795ee42deebe9d0dad885ce643928e88daebdcc"},
    {file = "PyYAML-5.2-cp27-cp27m-win_amd64.whl", hash = "sha256:ebc4ed52dcc93eeebeae5cf5deb2ae4347b3a81c3fa12b0b8c976544829396a4"},
    {file = "PyYAML-5.2-cp35-cp35m-win32.whl", hash = "sha256:38a4f0d114101c58c0f3a88aeaa44d63efd588845c5a2df5290b73db8f246d15"},
    {file = "PyYAML-5.2-cp35-cp35m-win_amd64.whl", hash = "sha256:483eb6a33b671408c8529106df3707270bfacb2447bf8ad856a4b4f57f6e3075"},
    {file = "PyYAML-5.2-cp36-cp36m-win32.whl", hash = "sha256:7f38e35c00e160db592091751d385cd7b3046d6d51f578b29943225178257b31"},
    {file = "PyYAML-5.2-cp36-cp36m-win_amd64.whl", hash = "sha256:0e7f69397d53155e55d10ff68fdfb2cf630a35e6daf65cf0bdeaf04f127c09dc"},
    {file = "PyYAML-5.2-cp37-cp37m-win32.whl", hash = "sha256:e4c015484ff0ff197564917b4b4246ca03f411b9bd7f16e02a2f586eb48b6d04"},
    {file = "PyYAML-5.2-cp37-cp37m-win_amd64.whl", hash = "sha256:4b6be5edb9f6bb73680f5bf4ee08ff25416d1400fbd4535fe0069b2994da07cd"},
    {file = "PyYAML-5.2-cp38-cp38-win32.whl", hash = "sha256:8100c896ecb361794d8bfdb9c11fce618c7cf83d624d73d5ab38aef3bc82d43f"},
    {file = "PyYAML-5.2-cp38-cp38-win_amd64.whl", hash = "sha256:2e9f0b7c5914367b0916c3c104a024bb68f269a486b9d04a2e8ac6f6597b7803"},
    {file = "PyYAML-5.2.tar.gz", hash = "sha256:c0ee8eca2c582d29c3c2ec6e2c4f703d1b7f1fb10bc72317355a746057e7346c"},
]
requests = [
    {file = "requests-2.22.0-py2.py3-none-any.whl", hash = "sha256:9cf5292fcd0f598c671cfc1e0d7d1a7f13bb8085e9a590f48c010551dc6c4b31"},
    {file = "requests-2.22.0.tar.gz", hash = "sha256:11e007a8a2aa0323f5a921e9e6a2d7e4e67d9877e85773fba9ba6419025cbeb4"},
]
requests-oauthlib = [
    {file = "requests-oauthlib-1.3.0.tar.gz", hash = "sha256:b4261601a71fd721a8bd6d7aa1cc1d6a8a93b4a9f5e96626f8e4d91e8beeaa6a"},
    {file = "requests_oauthlib-1.3.0-py2.py3-none-any.whl", hash = "sha256:7f71572defaecd16372f9006f33c2ec8c077c3cfa6f5911a9a90202beb513f3d"},
    {file = "requests_oauthlib-1.3.0-py3.7.egg", hash = "sha256:fa6c47b933f01060936d87ae9327fead68768b69c6c9ea2109c48be30f2d4dbc"},
]
rsa = [
    {file = "rsa-4.0-py2.py3-none-any.whl", hash = "sha256:14ba45700ff1ec9eeb206a2ce76b32814958a98e372006c8fb76ba820211be66"},
    {file = "rsa-4.0.tar.gz", hash = "sha256:1a836406405730121ae9823e19c6e806c62bbad73f890574fff50efa4122c487"},
]
six = [
    {file = "six-1.13.0-py2.py3-none-any.whl", hash = "sha256:1f1b7d42e254082a9db6279deae68afb421ceba6158efa6131de7b3003ee93fd"},
    {file = "six-1.13.0.tar.gz", hash = "sha256:30f610279e8b2578cab6db20741130331735c781b56053c59c4076da27f06b66"},
]
urllib3 = [
    {file = "urllib3-1.25.7-py2.py3-none-any.whl", hash = "sha256:a8a318824cc77d1fd4b2bec2ded92646630d7fe8619497b142c84a9e6f5a7293"},
    {file = "urllib3-1.25.7.tar.gz", hash = "sha256:f3c5fd51747d450d4dcf6f923c81f78f811aab8205fda64b0aba34a4e48b0745"},
]
watchgod = [
    {file = "watchgod-0.5-py35.py36.py37-none-any.whl", hash = "sha256:30ffb90c692e0797d23a39d695928c57d8c01a4a9708434e9dca16d7bd4e24c7"},
    {file = "watchgod-0.5.tar.gz", hash = "sha256:78d44cbacf4fbbf7573d10fcf0f156f1b0d71598d32477c34f8cf66001bafc1f"},
]
websocket-client = [
    {file = "websocket_client-0.57.0-py2.py3-none-any.whl", hash = "sha256:0fc45c961324d79c781bab301359d5a1b00b13ad1b10415a4780229ef71a5549"},
    {file = "websocket_client-0.57.0.tar.gz", hash = "sha256:d735b91d6d1692a6a181f2a8c9e0238e5f6373356f561bb9dc4c7af36f452010"},
]
yarl = [
    {file = "yarl-1.4.2-cp35-cp35m-macosx_10_13_x86_64.whl", hash = "sha256:3ce3d4f7c6b69c4e4f0704b32eca8123b9c58ae91af740481aa57d7857b5e41b"},
    {file = "yarl-1.4.2-cp35-cp35m-manylinux1_x86_64.whl", hash = "sha256:a4844ebb2be14768f7994f2017f70aca39d658a96c786211be5ddbe1c68794c1"},
    {file = "yarl-1.4.2-cp35-cp35m-win32.whl", hash = "sha256:d8cdee92bc930d8b09d8bd2043cedd544d9c8bd7436a77678dd602467a993080"},
    {file = "yarl-1.4.2-cp35-cp35m-win_amd64.whl", hash = "sha256:c2b509ac3d4b988ae8769901c66345425e361d518aecbe4acbfc2567e416626a"},
    {file = "yarl-1.4.2-cp36-cp36m-macosx_10_13_x86_64.whl", hash = "sha256:308b98b0c8cd1dfef1a0311dc5e38ae8f9b58349226aa0533f15a16717ad702f"},
    {file = "yarl-1.4.2-cp36-cp36m-manylinux1_x86_64.whl", hash = "sha256:944494be42fa630134bf907714d40207e646fd5a94423c90d5b514f7b0713fea"},
    {file = "yarl-1.4.2-cp36-cp36m-win32.whl", hash = "sha256:5b10eb0e7f044cf0b035112446b26a3a2946bca9d7d7edb5e54a2ad2f6652abb"},
    {file = "yarl-1.4.2-cp36-cp36m-win_amd64.whl", hash = "sha256:a161de7e50224e8e3de6e184707476b5a989037dcb24292b391a3d66ff158e70"},
    {file = "yarl-1.4.2-cp37-cp37m-macosx_10_13_x86_64.whl", hash = "sha256:26d7c90cb04dee1665282a5d1a998defc1a9e012fdca0f33396f81508f49696d"},
    {file = "yarl-1.4.2-cp37-cp37m-manylinux1_x86_64.whl", hash = "sha256:0c2ab325d33f1b824734b3ef51d4d54a54e0e7a23d13b86974507602334c2cce"},
    {file = "yarl-1.4.2-cp37-cp37m-win32.whl", hash = "sha256:e15199cdb423316e15f108f51249e44eb156ae5dba232cb73be555324a1d49c2"},
    {file = "yarl-1.4.2-cp37-cp37m-win_amd64.whl", hash = "sha256:2098a4b4b9d75ee352807a95cdf5f10180db903bc5b7270715c6bbe2551f64ce"},
    {file = "yarl-1.4.2-cp38-cp38-macosx_10_13_x86_64.whl", hash = "sha256:c9959d49a77b0e07559e579f38b2f3711c2b8716b8410b320bf9713013215a1b"},
    {file = "yarl-1.4.2-cp38-cp38-manylinux1_x86_64.whl", hash = "sha256:25e66e5e2007c7a39541ca13b559cd8ebc2ad8fe00ea94a2aad28a9b1e44e5ae"},
    {file = "yarl-1.4.2-cp38-cp38-win32.whl", hash = "sha256:6faa19d3824c21bcbfdfce5171e193c8b4ddafdf0ac3f129ccf0cdfcb083e462"},
    {file = "yarl-1.4.2-cp38-cp38-win_amd64.whl", hash = "sha256:0ca2f395591bbd85ddd50a82eb1fde9c1066fafe888c5c7cc1d810cf03fd3cc6"},
    {file = "yarl-1.4.2.tar.gz", hash = "sha256:58cd9c469eced558cd81aa3f484b2924e8897049e06889e8ff2510435b7ef74b"},
]
